
Microsoft Visual Studio Solution File, Format Version 12.00
# Visual Studio Version 17
VisualStudioVersion = 17.6.33815.320
MinimumVisualStudioVersion = 10.0.40219.1
Project("{FAE04EC0-301F-11D3-BF4B-00C04F79EFBC}") = "assessment15_", "assessment15_\assessment15_.csproj", "{37F8C8B8-CBFB-4B43-B9AA-FDB6FADA2E03}"
EndProject
Global
	GlobalSection(SolutionConfigurationPlatforms) = preSolution
		Debug|Any CPU = Debug|Any CPU
		Release|Any CPU = Release|Any CPU
	EndGlobalSection
	GlobalSection(ProjectConfigurationPlatforms) = postSolution
		{37F8C8B8-CBFB-4B43-B9AA-FDB6FADA2E03}.Debug|Any CPU.ActiveCfg = Debug|Any CPU
		{37F8C8B8-CBFB-4B43-B9AA-FDB6FADA2E03}.Debug|Any CPU.Build.0 = Debug|Any CPU
		{37F8C8B8-CBFB-4B43-B9AA-FDB6FADA2E03}.Release|Any CPU.ActiveCfg = Release|Any CPU
		{37F8C8B8-CBFB-4B43-B9AA-FDB6FADA2E03}.Release|Any CPU.Build.0 = Release|Any CPU
	EndGlobalSection
	GlobalSection(SolutionProperties) = preSolution
		HideSolutionNode = FALSE
	EndGlobalSection
	GlobalSection(ExtensibilityGlobals) = postSolution
		SolutionGuid = {04D53959-5DEA-4560-A72C-DDF9641A9630}
	EndGlobalSection
EndGlobal
